// !$*UTF8*$!
{
	archiveVersion = 1;
	classes = {
	};
	objectVersion = 56;
	objects = {

/* Begin PBXBuildFile section */
		B51F1FF3293881CE00DB92B2 /* Request.swift in Sources */ = {isa = PBXBuildFile; fileRef = B51F1FF2293881CE00DB92B2 /* Request.swift */; };
		B51F1FF5293881F500DB92B2 /* Articles.swift in Sources */ = {isa = PBXBuildFile; fileRef = B51F1FF4293881F500DB92B2 /* Articles.swift */; };
		B51F1FF72938823500DB92B2 /* TableViewCell.swift in Sources */ = {isa = PBXBuildFile; fileRef = B51F1FF62938823500DB92B2 /* TableViewCell.swift */; };
		B51F1FF9293882DC00DB92B2 /* SecondViewController.swift in Sources */ = {isa = PBXBuildFile; fileRef = B51F1FF8293882DC00DB92B2 /* SecondViewController.swift */; };
		B5BECC0129386ECB004290CC /* AppDelegate.swift in Sources */ = {isa = PBXBuildFile; fileRef = B5BECC0029386ECB004290CC /* AppDelegate.swift */; };
		B5BECC0329386ECB004290CC /* SceneDelegate.swift in Sources */ = {isa = PBXBuildFile; fileRef = B5BECC0229386ECB004290CC /* SceneDelegate.swift */; };
		B5BECC0529386ECB004290CC /* ViewController.swift in Sources */ = {isa = PBXBuildFile; fileRef = B5BECC0429386ECB004290CC /* ViewController.swift */; };
		B5BECC0829386ECB004290CC /* Main.storyboard in Resources */ = {isa = PBXBuildFile; fileRef = B5BECC0629386ECB004290CC /* Main.storyboard */; };
		B5BECC0A29386ECC004290CC /* Assets.xcassets in Resources */ = {isa = PBXBuildFile; fileRef = B5BECC0929386ECC004290CC /* Assets.xcassets */; };
		B5BECC0D29386ECC004290CC /* LaunchScreen.storyboard in Resources */ = {isa = PBXBuildFile; fileRef = B5BECC0B29386ECC004290CC /* LaunchScreen.storyboard */; };
		E21EE72FD7AD4D298A3E840E /* Pods_sc_TestInterview.framework in Frameworks */ = {isa = PBXBuildFile; fileRef = 44DCABD7BDDA6517C69C0E2B /* Pods_sc_TestInterview.framework */; };
/* End PBXBuildFile section */

/* Begin PBXFileReference section */
		0ED063756BCB86414A3F41C0 /* Pods-sc_TestInterview.release.xcconfig */ = {isa = PBXFileReference; includeInIndex = 1; lastKnownFileType = text.xcconfig; name = "Pods-sc_TestInterview.release.xcconfig"; path = "Target Support Files/Pods-sc_TestInterview/Pods-sc_TestInterview.release.xcconfig"; sourceTree = "<group>"; };
		396E348C8CA082FCAA9887F4 /* Pods-sc_TestInterview.debug.xcconfig */ = {isa = PBXFileReference; includeInIndex = 1; lastKnownFileType = text.xcconfig; name = "Pods-sc_TestInterview.debug.xcconfig"; path = "Target Support Files/Pods-sc_TestInterview/Pods-sc_TestInterview.debug.xcconfig"; sourceTree = "<group>"; };
		44DCABD7BDDA6517C69C0E2B /* Pods_sc_TestInterview.framework */ = {isa = PBXFileReference; explicitFileType = wrapper.framework; includeInIndex = 0; path = Pods_sc_TestInterview.framework; sourceTree = BUILT_PRODUCTS_DIR; };
		B51F1FF2293881CE00DB92B2 /* Request.swift */ = {isa = PBXFileReference; lastKnownFileType = sourcecode.swift; path = Request.swift; sourceTree = "<group>"; };
		B51F1FF4293881F500DB92B2 /* Articles.swift */ = {isa = PBXFileReference; lastKnownFileType = sourcecode.swift; path = Articles.swift; sourceTree = "<group>"; };
		B51F1FF62938823500DB92B2 /* TableViewCell.swift */ = {isa = PBXFileReference; lastKnownFileType = sourcecode.swift; path = TableViewCell.swift; sourceTree = "<group>"; };
		B51F1FF8293882DC00DB92B2 /* SecondViewController.swift */ = {isa = PBXFileReference; lastKnownFileType = sourcecode.swift; path = SecondViewController.swift; sourceTree = "<group>"; };
		B5BECBFD29386ECB004290CC /* sc_TestInterview.app */ = {isa = PBXFileReference; explicitFileType = wrapper.application; includeInIndex = 0; path = sc_TestInterview.app; sourceTree = BUILT_PRODUCTS_DIR; };
		B5BECC0029386ECB004290CC /* AppDelegate.swift */ = {isa = PBXFileReference; lastKnownFileType = sourcecode.swift; path = AppDelegate.swift; sourceTree = "<group>"; };
		B5BECC0229386ECB004290CC /* SceneDelegate.swift */ = {isa = PBXFileReference; lastKnownFileType = sourcecode.swift; path = SceneDelegate.swift; sourceTree = "<group>"; };
		B5BECC0429386ECB004290CC /* ViewController.swift */ = {isa = PBXFileReference; lastKnownFileType = sourcecode.swift; path = ViewController.swift; sourceTree = "<group>"; };
		B5BECC0729386ECB004290CC /* Base */ = {isa = PBXFileReference; lastKnownFileType = file.storyboard; name = Base; path = Base.lproj/Main.storyboard; sourceTree = "<group>"; };
		B5BECC0929386ECC004290CC /* Assets.xcassets */ = {isa = PBXFileReference; lastKnownFileType = folder.assetcatalog; path = Assets.xcassets; sourceTree = "<group>"; };
		B5BECC0C29386ECC004290CC /* Base */ = {isa = PBXFileReference; lastKnownFileType = file.storyboard; name = Base; path = Base.lproj/LaunchScreen.storyboard; sourceTree = "<group>"; };
		B5BECC0E29386ECC004290CC /* Info.plist */ = {isa = PBXFileReference; lastKnownFileType = text.plist.xml; path = Info.plist; sourceTree = "<group>"; };
/* End PBXFileReference section */

/* Begin PBXFrameworksBuildPhase section */
		B5BECBFA29386ECB004290CC /* Frameworks */ = {
			isa = PBXFrameworksBuildPhase;
			buildActionMask = 2147483647;
			files = (
				E21EE72FD7AD4D298A3E840E /* Pods_sc_TestInterview.framework in Frameworks */,
			);
			runOnlyForDeploymentPostprocessing = 0;
		};
/* End PBXFrameworksBuildPhase section */

/* Begin PBXGroup section */
		04300A5666E06DF513B20C13 /* Pods */ = {
			isa = PBXGroup;
			children = (
				396E348C8CA082FCAA9887F4 /* Pods-sc_TestInterview.debug.xcconfig */,
				0ED063756BCB86414A3F41C0 /* Pods-sc_TestInterview.release.xcconfig */,
			);
			path = Pods;
			sourceTree = "<group>";
		};
		72BFA029682EB8A8C91AD6CE /* Frameworks */ = {
			isa = PBXGroup;
			children = (
				44DCABD7BDDA6517C69C0E2B /* Pods_sc_TestInterview.framework */,
			);
			name = Frameworks;
			sourceTree = "<group>";
		};
		B5BECBF429386ECB004290CC = {
			isa = PBXGroup;
			children = (
				B5BECBFF29386ECB004290CC /* sc_TestInterview */,
				B5BECBFE29386ECB004290CC /* Products */,
				04300A5666E06DF513B20C13 /* Pods */,
				72BFA029682EB8A8C91AD6CE /* Frameworks */,
			);
			sourceTree = "<group>";
		};
		B5BECBFE29386ECB004290CC /* Products */ = {
			isa = PBXGroup;
			children = (
				B5BECBFD29386ECB004290CC /* sc_TestInterview.app */,
			);
			name = Products;
			sourceTree = "<group>";
		};
		B5BECBFF29386ECB004290CC /* sc_TestInterview */ = {
			isa = PBXGroup;
			children = (
				B5BECC0029386ECB004290CC /* AppDelegate.swift */,
				B5BECC0229386ECB004290CC /* SceneDelegate.swift */,
				B5BECC0429386ECB004290CC /* ViewController.swift */,
				B5BECC0629386ECB004290CC /* Main.storyboard */,
				B5BECC0929386ECC004290CC /* Assets.xcassets */,
				B5BECC0B29386ECC004290CC /* LaunchScreen.storyboard */,
				B5BECC0E29386ECC004290CC /* Info.plist */,
				B51F1FF2293881CE00DB92B2 /* Request.swift */,
				B51F1FF4293881F500DB92B2 /* Articles.swift */,
				B51F1FF62938823500DB92B2 /* TableViewCell.swift */,
				B51F1FF8293882DC00DB92B2 /* SecondViewController.swift */,
			);
			path = sc_TestInterview;
			sourceTree = "<group>";
		};
/* End PBXGroup section */

/* Begin PBXNativeTarget section */
		B5BECBFC29386ECB004290CC /* sc_TestInterview */ = {
			isa = PBXNativeTarget;
			buildConfigurationList = B5BECC1129386ECC004290CC /* Build configuration list for PBXNativeTarget "sc_TestInterview" */;
			buildPhases = (
				8DC305DF0EA3A0E4EA1570E6 /* [CP] Check Pods Manifest.lock */,
				B5BECBF929386ECB004290CC /* Sources */,
				B5BECBFA29386ECB004290CC /* Frameworks */,
				B5BECBFB29386ECB004290CC /* Resources */,
				659AF3CC94A3F2E8511F69DE /* [CP] Embed Pods Frameworks */,
			);
			buildRules = (
			);
			dependencies = (
			);
			name = sc_TestInterview;
			productName = sc_TestInterview;
			productReference = B5BECBFD29386ECB004290CC /* sc_TestInterview.app */;
			productType = "com.apple.product-type.application";
		};
/* End PBXNativeTarget section */

/* Begin PBXProject section */
		B5BECBF529386ECB004290CC /* Project object */ = {
			isa = PBXProject;
			attributes = {
				BuildIndependentTargetsInParallel = 1;
				LastSwiftUpdateCheck = 1400;
				LastUpgradeCheck = 1400;
				TargetAttributes = {
					B5BECBFC29386ECB004290CC = {
						CreatedOnToolsVersion = 14.0;
					};
				};
			};
			buildConfigurationList = B5BECBF829386ECB004290CC /* Build configuration list for PBXProject "sc_TestInterview" */;
			compatibilityVersion = "Xcode 14.0";
			developmentRegion = en;
			hasScannedForEncodings = 0;
			knownRegions = (
				en,
				Base,
			);
			mainGroup = B5BECBF429386ECB004290CC;
			productRefGroup = B5BECBFE29386ECB004290CC /* Products */;
			projectDirPath = "";
			projectRoot = "";
			targets = (
				B5BECBFC29386ECB004290CC /* sc_TestInterview */,
			);
		};
/* End PBXProject section */

/* Begin PBXResourcesBuildPhase section */
		B5BECBFB29386ECB004290CC /* Resources */ = {
			isa = PBXResourcesBuildPhase;
			buildActionMask = 2147483647;
			files = (
				B5BECC0D29386ECC004290CC /* LaunchScreen.storyboard in Resources */,
				B5BECC0A29386ECC004290CC /* Assets.xcassets in Resources */,
				B5BECC0829386ECB004290CC /* Main.storyboard in Resources */,
			);
			runOnlyForDeploymentPostprocessing = 0;
		};
/* End PBXResourcesBuildPhase section */

/* Begin PBXShellScriptBuildPhase section */
		659AF3CC94A3F2E8511F69DE /* [CP] Embed Pods Frameworks */ = {
			isa = PBXShellScriptBuildPhase;
			buildActionMask = 2147483647;
			files = (
			);
			inputFileListPaths = (
				"${PODS_ROOT}/Target Support Files/Pods-sc_TestInterview/Pods-sc_TestInterview-frameworks-${CONFIGURATION}-input-files.xcfilelist",
			);
			name = "[CP] Embed Pods Frameworks";
			outputFileListPaths = (
				"${PODS_ROOT}/Target Support Files/Pods-sc_TestInterview/Pods-sc_TestInterview-frameworks-${CONFIGURATION}-output-files.xcfilelist",
			);
			runOnlyForDeploymentPostprocessing = 0;
			shellPath = /bin/sh;
			shellScript = "\"${PODS_ROOT}/Target Support Files/Pods-sc_TestInterview/Pods-sc_TestInterview-frameworks.sh\"\n";
			showEnvVarsInLog = 0;
		};
		8DC305DF0EA3A0E4EA1570E6 /* [CP] Check Pods Manifest.lock */ = {
			isa = PBXShellScriptBuildPhase;
			buildActionMask = 2147483647;
			files = (
			);
			inputFileListPaths = (
			);
			inputPaths = (
				"${PODS_PODFILE_DIR_PATH}/Podfile.lock",
				"${PODS_ROOT}/Manifest.lock",
			);
			name = "[CP] Check Pods Manifest.lock";
			outputFileListPaths = (
			);
			outputPaths = (
				"$(DERIVED_FILE_DIR)/Pods-sc_TestInterview-checkManifestLockResult.txt",
			);
			runOnlyForDeploymentPostprocessing = 0;
			shellPath = /bin/sh;
			shellScript = "diff \"${PODS_PODFILE_DIR_PATH}/Podfile.lock\" \"${PODS_ROOT}/Manifest.lock\" > /dev/null\nif [ $? != 0 ] ; then\n    # print error to STDERR\n    echo \"error: The sandbox is not in sync with the Podfile.lock. Run 'pod install' or update your CocoaPods installation.\" >&2\n    exit 1\nfi\n# This output is used by Xcode 'outputs' to avoid re-running this script phase.\necho \"SUCCESS\" > \"${SCRIPT_OUTPUT_FILE_0}\"\n";
			showEnvVarsInLog = 0;
		};
/* End PBXShellScriptBuildPhase section */

/* Begin PBXSourcesBuildPhase section */
		B5BECBF929386ECB004290CC /* Sources */ = {
			isa = PBXSourcesBuildPhase;
			buildActionMask = 2147483647;
			files = (
				B5BECC0529386ECB004290CC /* ViewController.swift in Sources */,
				B51F1FF5293881F500DB92B2 /* Articles.swift in Sources */,
				B51F1FF3293881CE00DB92B2 /* Request.swift in Sources */,
				B51F1FF72938823500DB92B2 /* TableViewCell.swift in Sources */,
				B51F1FF9293882DC00DB92B2 /* SecondViewController.swift in Sources */,
				B5BECC0129386ECB004290CC /* AppDelegate.swift in Sources */,
				B5BECC0329386ECB004290CC /* SceneDelegate.swift in Sources */,
			);
			runOnlyForDeploymentPostprocessing = 0;
		};
/* End PBXSourcesBuildPhase section */

/* Begin PBXVariantGroup section */
		B5BECC0629386ECB004290CC /* Main.storyboard */ = {
			isa = PBXVariantGroup;
			children = (
				B5BECC0729386ECB004290CC /* Base */,
			);
			name = Main.storyboard;
			sourceTree = "<group>";
		};
		B5BECC0B29386ECC004290CC /* LaunchScreen.storyboard */ = {
			isa = PBXVariantGroup;
			children = (
				B5BECC0C29386ECC004290CC /* Base */,
			);
			name = LaunchScreen.storyboard;
			sourceTree = "<group>";
		};
/* End PBXVariantGroup section */

/* Begin XCBuildConfiguration section */
		B5BECC0F29386ECC004290CC /* Debug */ = {
			isa = XCBuildConfiguration;
			buildSettings = {
				ALWAYS_SEARCH_USER_PATHS = NO;
				CLANG_ANALYZER_NONNULL = YES;
				CLANG_ANALYZER_NUMBER_OBJECT_CONVERSION = YES_AGGRESSIVE;
				CLANG_CXX_LANGUAGE_STANDARD = "gnu++20";
				CLANG_ENABLE_MODULES = YES;
				CLANG_ENABLE_OBJC_ARC = YES;
				CLANG_ENABLE_OBJC_WEAK = YES;
				CLANG_WARN_BLOCK_CAPTURE_AUTORELEASING = YES;
				CLANG_WARN_BOOL_CONVERSION = YES;
				CLANG_WARN_COMMA = YES;
				CLANG_WARN_CONSTANT_CONVERSION = YES;
				CLANG_WARN_DEPRECATED_OBJC_IMPLEMENTATIONS = YES;
				CLANG_WARN_DIRECT_OBJC_ISA_USAGE = YES_ERROR;
				CLANG_WARN_DOCUMENTATION_COMMENTS = YES;
				CLANG_WARN_EMPTY_BODY = YES;
				CLANG_WARN_ENUM_CONVERSION = YES;
				CLANG_WARN_INFINITE_RECURSION = YES;
				CLANG_WARN_INT_CONVERSION = YES;
				CLANG_WARN_NON_LITERAL_NULL_CONVERSION = YES;
				CLANG_WARN_OBJC_IMPLICIT_RETAIN_SELF = YES;
				CLANG_WARN_OBJC_LITERAL_CONVERSION = YES;
				CLANG_WARN_OBJC_ROOT_CLASS = YES_ERROR;
				CLANG_WARN_QUOTED_INCLUDE_IN_FRAMEWORK_HEADER = YES;
				CLANG_WARN_RANGE_LOOP_ANALYSIS = YES;
				CLANG_WARN_STRICT_PROTOTYPES = YES;
				CLANG_WARN_SUSPICIOUS_MOVE = YES;
				CLANG_WARN_UNGUARDED_AVAILABILITY = YES_AGGRESSIVE;
				CLANG_WARN_UNREACHABLE_CODE = YES;
				CLANG_WARN__DUPLICATE_METHOD_MATCH = YES;
				COPY_PHASE_STRIP = NO;
				DEBUG_INFORMATION_FORMAT = dwarf;
				ENABLE_STRICT_OBJC_MSGSEND = YES;
				ENABLE_TESTABILITY = YES;
				GCC_C_LANGUAGE_STANDARD = gnu11;
				GCC_DYNAMIC_NO_PIC = NO;
				GCC_NO_COMMON_BLOCKS = YES;
				GCC_OPTIMIZATION_LEVEL = 0;
				GCC_PREPROCESSOR_DEFINITIONS = (
					"DEBUG=1",
					"$(inherited)",
				);
				GCC_WARN_64_TO_32_BIT_CONVERSION = YES;
				GCC_WARN_ABOUT_RETURN_TYPE = YES_ERROR;
				GCC_WARN_UNDECLARED_SELECTOR = YES;
				GCC_WARN_UNINITIALIZED_AUTOS = YES_AGGRESSIVE;
				GCC_WARN_UNUSED_FUNCTION = YES;
				GCC_WARN_UNUSED_VARIABLE = YES;
				IPHONEOS_DEPLOYMENT_TARGET = 16.0;
				MTL_ENABLE_DEBUG_INFO = INCLUDE_SOURCE;
				MTL_FAST_MATH = YES;
				ONLY_ACTIVE_ARCH = YES;
				SDKROOT = iphoneos;
				SWIFT_ACTIVE_COMPILATION_CONDITIONS = DEBUG;
				SWIFT_OPTIMIZATION_LEVEL = "-Onone";
			};
			name = Debug;
		};
		B5BECC1029386ECC004290CC /* Release */ = {
			isa = XCBuildConfiguration;
			buildSettings = {
				ALWAYS_SEARCH_USER_PATHS = NO;
				CLANG_ANALYZER_NONNULL = YES;
				CLANG_ANALYZER_NUMBER_OBJECT_CONVERSION = YES_AGGRESSIVE;
				CLANG_CXX_LANGUAGE_STANDARD = "gnu++20";
				CLANG_ENABLE_MODULES = YES;
				CLANG_ENABLE_OBJC_ARC = YES;
				CLANG_ENABLE_OBJC_WEAK = YES;
				CLANG_WARN_BLOCK_CAPTURE_AUTORELEASING = YES;
				CLANG_WARN_BOOL_CONVERSION = YES;
				CLANG_WARN_COMMA = YES;
				CLANG_WARN_CONSTANT_CONVERSION = YES;
				CLANG_WARN_DEPRECATED_OBJC_IMPLEMENTATIONS = YES;
				CLANG_WARN_DIRECT_OBJC_ISA_USAGE = YES_ERROR;
				CLANG_WARN_DOCUMENTATION_COMMENTS = YES;
				CLANG_WARN_EMPTY_BODY = YES;
				CLANG_WARN_ENUM_CONVERSION = YES;
				CLANG_WARN_INFINITE_RECURSION = YES;
				CLANG_WARN_INT_CONVERSION = YES;
				CLANG_WARN_NON_LITERAL_NULL_CONVERSION = YES;
				CLANG_WARN_OBJC_IMPLICIT_RETAIN_SELF = YES;
				CLANG_WARN_OBJC_LITERAL_CONVERSION = YES;
				CLANG_WARN_OBJC_ROOT_CLASS = YES_ERROR;
				CLANG_WARN_QUOTED_INCLUDE_IN_FRAMEWORK_HEADER = YES;
				CLANG_WARN_RANGE_LOOP_ANALYSIS = YES;
				CLANG_WARN_STRICT_PROTOTYPES = YES;
				CLANG_WARN_SUSPICIOUS_MOVE = YES;
				CLANG_WARN_UNGUARDED_AVAILABILITY = YES_AGGRESSIVE;
				CLANG_WARN_UNREACHABLE_CODE = YES;
				CLANG_WARN__DUPLICATE_METHOD_MATCH = YES;
				COPY_PHASE_STRIP = NO;
				DEBUG_INFORMATION_FORMAT = "dwarf-with-dsym";
				ENABLE_NS_ASSERTIONS = NO;
				ENABLE_STRICT_OBJC_MSGSEND = YES;
				GCC_C_LANGUAGE_STANDARD = gnu11;
				GCC_NO_COMMON_BLOCKS = YES;
				GCC_WARN_64_TO_32_BIT_CONVERSION = YES;
				GCC_WARN_ABOUT_RETURN_TYPE = YES_ERROR;
				GCC_WARN_UNDECLARED_SELECTOR = YES;
				GCC_WARN_UNINITIALIZED_AUTOS = YES_AGGRESSIVE;
				GCC_WARN_UNUSED_FUNCTION = YES;
				GCC_WARN_UNUSED_VARIABLE = YES;
				IPHONEOS_DEPLOYMENT_TARGET = 16.0;
				MTL_ENABLE_DEBUG_INFO = NO;
				MTL_FAST_MATH = YES;
				SDKROOT = iphoneos;
				SWIFT_COMPILATION_MODE = wholemodule;
				SWIFT_OPTIMIZATION_LEVEL = "-O";
				VALIDATE_PRODUCT = YES;
			};
			name = Release;
		};
		B5BECC1229386ECC004290CC /* Debug */ = {
			isa = XCBuildConfiguration;
			baseConfigurationReference = 396E348C8CA082FCAA9887F4 /* Pods-sc_TestInterview.debug.xcconfig */;
			buildSettings = {
				ASSETCATALOG_COMPILER_APPICON_NAME = AppIcon;
				ASSETCATALOG_COMPILER_GLOBAL_ACCENT_COLOR_NAME = AccentColor;
				CODE_SIGN_STYLE = Automatic;
				CURRENT_PROJECT_VERSION = 1;
				DEVELOPMENT_TEAM = FN66JN9TVU;
				GENERATE_INFOPLIST_FILE = YES;
				INFOPLIST_FILE = sc_TestInterview/Info.plist;
				INFOPLIST_KEY_UIApplicationSupportsIndirectInputEvents = YES;
				INFOPLIST_KEY_UILaunchStoryboardName = LaunchScreen;
				INFOPLIST_KEY_UIMainStoryboardFile = Main;
				INFOPLIST_KEY_UISupportedInterfaceOrientations = UIInterfaceOrientationPortrait;
				INFOPLIST_KEY_UISupportedInterfaceOrientations_iPad = "UIInterfaceOrientationLandscapeLeft UIInterfaceOrientationLandscapeRight UIInterfaceOrientationPortrait UIInterfaceOrientationPortraitUpsideDown";
				IPHONEOS_DEPLOYMENT_TARGET = 15.0;
				LD_RUNPATH_SEARCH_PATHS = (
					"$(inherited)",
					"@executable_path/Frameworks",
				);
				MARKETING_VERSION = 1.0;
				PRODUCT_BUNDLE_IDENTIFIER = "uz.IsmailovRuslan.sc-TestInterview";
				PRODUCT_NAME = "$(TARGET_NAME)";
				SUPPORTED_PLATFORMS = "iphoneos iphonesimulator";
				SUPPORTS_MACCATALYST = NO;
				SUPPORTS_MAC_DESIGNED_FOR_IPHONE_IPAD = NO;
				SWIFT_EMIT_LOC_STRINGS = YES;
				SWIFT_VERSION = 5.0;
				TARGETED_DEVICE_FAMILY = 1;
			};
			name = Debug;
		};
		B5BECC1329386ECC004290CC /* Release */ = {
			isa = XCBuildConfiguration;
			baseConfigurationReference = 0ED063756BCB86414A3F41C0 /* Pods-sc_TestInterview.release.xcconfig */;
			buildSettings = {
				ASSETCATALOG_COMPILER_APPICON_NAME = AppIcon;
				ASSETCATALOG_COMPILER_GLOBAL_ACCENT_COLOR_NAME = AccentColor;
				CODE_SIGN_STYLE = Automatic;
				CURRENT_PROJECT_VERSION = 1;
				DEVELOPMENT_TEAM = FN66JN9TVU;
				GENERATE_INFOPLIST_FILE = YES;
				INFOPLIST_FILE = sc_TestInterview/Info.plist;
				INFOPLIST_KEY_UIApplicationSupportsIndirectInputEvents = YES;
				INFOPLIST_KEY_UILaunchStoryboardName = LaunchScreen;
				INFOPLIST_KEY_UIMainStoryboardFile = Main;
				INFOPLIST_KEY_UISupportedInterfaceOrientations = UIInterfaceOrientationPortrait;
				INFOPLIST_KEY_UISupportedInterfaceOrientations_iPad = "UIInterfaceOrientationLandscapeLeft UIInterfaceOrientationLandscapeRight UIInterfaceOrientationPortrait UIInterfaceOrientationPortraitUpsideDown";
				IPHONEOS_DEPLOYMENT_TARGET = 15.0;
				LD_RUNPATH_SEARCH_PATHS = (
					"$(inherited)",
					"@executable_path/Frameworks",
				);
				MARKETING_VERSION = 1.0;
				PRODUCT_BUNDLE_IDENTIFIER = "uz.IsmailovRuslan.sc-TestInterview";
				PRODUCT_NAME = "$(TARGET_NAME)";
				SUPPORTED_PLATFORMS = "iphoneos iphonesimulator";
				SUPPORTS_MACCATALYST = NO;
				SUPPORTS_MAC_DESIGNED_FOR_IPHONE_IPAD = NO;
				SWIFT_EMIT_LOC_STRINGS = YES;
				SWIFT_VERSION = 5.0;
				TARGETED_DEVICE_FAMILY = 1;
			};
			name = Release;
		};
/* End XCBuildConfiguration section */

/* Begin XCConfigurationList section */
		B5BECBF829386ECB004290CC /* Build configuration list for PBXProject "sc_TestInterview" */ = {
			isa = XCConfigurationList;
			buildConfigurations = (
				B5BECC0F29386ECC004290CC /* Debug */,
				B5BECC1029386ECC004290CC /* Release */,
			);
			defaultConfigurationIsVisible = 0;
			defaultConfigurationName = Release;
		};
		B5BECC1129386ECC004290CC /* Build configuration list for PBXNativeTarget "sc_TestInterview" */ = {
			isa = XCConfigurationList;
			buildConfigurations = (
				B5BECC1229386ECC004290CC /* Debug */,
				B5BECC1329386ECC004290CC /* Release */,
			);
			defaultConfigurationIsVisible = 0;
			defaultConfigurationName = Release;
		};
/* End XCConfigurationList section */
	};
	rootObject = B5BECBF529386ECB004290CC /* Project object */;
}
